{
  "name": "@mark1russell7/splay-client",
  "version": "1.0.0",
  "lockfileVersion": 3,
  "requires": true,
  "packages": {
    "": {
      "name": "@mark1russell7/splay-client",
      "version": "1.0.0",
      "hasInstallScript": true,
      "license": "MIT",
      "dependencies": {
        "@mark1russell7/splay": "github:mark1russell7/splay#main",
        "client": "github:mark1russell7/client#main"
      },
      "devDependencies": {
        "@mark1russell7/cue": "github:mark1russell7/cue#main",
        "typescript": "^5.9.3"
      },
      "engines": {
        "node": ">=25.0.0",
        "npm": ">=11.0.0"
      }
    },
    "node_modules/@mark1russell7/cue": {
      "version": "1.0.0",
      "resolved": "git+ssh://git@github.com/mark1russell7/cue.git#d2b24e333fa839688331db00c86e327b3beefa1a",
      "dev": true,
      "license": "MIT",
      "bin": {
        "cue-config": "dist/cli.js"
      },
      "engines": {
        "node": ">=25.0.0",
        "npm": ">=11.0.0"
      }
    },
    "node_modules/@mark1russell7/splay": {
      "version": "0.0.0",
      "resolved": "git+ssh://git@github.com/mark1russell7/splay.git#75717ce5a7841a0f55ac89ec4a69fd7734a0ff4f",
      "license": "MIT",
      "engines": {
        "node": ">=25.0.0",
        "npm": ">=11.0.0"
      }
    },
    "node_modules/client": {
      "version": "1.0.0",
      "resolved": "git+ssh://git@github.com/mark1russell7/client.git#2dfd717f49f42935385027eb62d4ca0be5fc4aa8",
      "hasInstallScript": true,
      "license": "MIT",
      "dependencies": {
        "ws": "^8.18.3"
      },
      "bin": {
        "client": "dist/procedures/cli/index.js"
      },
      "engines": {
        "node": ">=20"
      },
      "peerDependencies": {
        "express": "^4.0.0 || ^5.0.0",
        "zod": "^3.0.0"
      },
      "peerDependenciesMeta": {
        "express": {
          "optional": true
        },
        "zod": {
          "optional": true
        }
      }
    },
    "node_modules/typescript": {
      "version": "5.9.3",
      "resolved": "https://registry.npmjs.org/typescript/-/typescript-5.9.3.tgz",
      "integrity": "sha512-jl1vZzPDinLr9eUt3J/t7V6FgNEw9QjvBPdysz9KfQDD41fQrC2Y4vKQdiaUpFT4bXlb1RHhLpp8wtm6M5TgSw==",
      "dev": true,
      "license": "Apache-2.0",
      "bin": {
        "tsc": "bin/tsc",
        "tsserver": "bin/tsserver"
      },
      "engines": {
        "node": ">=14.17"
      }
    },
    "node_modules/ws": {
      "version": "8.18.3",
      "resolved": "https://registry.npmjs.org/ws/-/ws-8.18.3.tgz",
      "integrity": "sha512-PEIGCY5tSlUt50cqyMXfCzX+oOPqN0vuGqWzbcJ2xvnkzkq46oOpz7dQaTDBdfICb4N14+GARUDw2XV2N4tvzg==",
      "license": "MIT",
      "engines": {
        "node": ">=10.0.0"
      },
      "peerDependencies": {
        "bufferutil": "^4.0.1",
        "utf-8-validate": ">=5.0.2"
      },
      "peerDependenciesMeta": {
        "bufferutil": {
          "optional": true
        },
        "utf-8-validate": {
          "optional": true
        }
      }
    }
  }
}
