lockfileVersion: '9.0'

settings:
  autoInstallPeers: true
  excludeLinksFromLockfile: false

importers:

  .:
    dependencies:
      '@mark1russell7/client':
        specifier: github:mark1russell7/client#main
        version: https://codeload.github.com/mark1russell7/client/tar.gz/9e6c01c3b803f5f9bf3fb584aeade1f3ce02ceb4
      '@mark1russell7/splay':
        specifier: github:mark1russell7/splay#main
        version: https://codeload.github.com/mark1russell7/splay/tar.gz/e65f01388a75b7d974d8fddf4441da9bf51c46b4
    devDependencies:
      '@mark1russell7/cue':
        specifier: github:mark1russell7/cue#main
        version: https://codeload.github.com/mark1russell7/cue/tar.gz/61c8ea18d0663b752f50caec236926d57646405f
      typescript:
        specifier: ^5.9.3
        version: 5.9.3

packages:

  '@mark1russell7/client@https://codeload.github.com/mark1russell7/client/tar.gz/9e6c01c3b803f5f9bf3fb584aeade1f3ce02ceb4':
    resolution: {tarball: https://codeload.github.com/mark1russell7/client/tar.gz/9e6c01c3b803f5f9bf3fb584aeade1f3ce02ceb4}
    version: 1.0.0
    engines: {node: '>=20'}
    hasBin: true
    peerDependencies:
      express: ^4.0.0 || ^5.0.0
      zod: ^3.0.0
    peerDependenciesMeta:
      express:
        optional: true
      zod:
        optional: true

  '@mark1russell7/cue@https://codeload.github.com/mark1russell7/cue/tar.gz/61c8ea18d0663b752f50caec236926d57646405f':
    resolution: {tarball: https://codeload.github.com/mark1russell7/cue/tar.gz/61c8ea18d0663b752f50caec236926d57646405f}
    version: 1.0.0
    engines: {node: '>=25.0.0', npm: '>=11.0.0'}
    hasBin: true

  '@mark1russell7/splay@https://codeload.github.com/mark1russell7/splay/tar.gz/e65f01388a75b7d974d8fddf4441da9bf51c46b4':
    resolution: {tarball: https://codeload.github.com/mark1russell7/splay/tar.gz/e65f01388a75b7d974d8fddf4441da9bf51c46b4}
    version: 0.0.0
    engines: {node: '>=25.0.0', npm: '>=11.0.0'}

  typescript@5.9.3:
    resolution: {integrity: sha512-jl1vZzPDinLr9eUt3J/t7V6FgNEw9QjvBPdysz9KfQDD41fQrC2Y4vKQdiaUpFT4bXlb1RHhLpp8wtm6M5TgSw==}
    engines: {node: '>=14.17'}
    hasBin: true

  ws@8.18.3:
    resolution: {integrity: sha512-PEIGCY5tSlUt50cqyMXfCzX+oOPqN0vuGqWzbcJ2xvnkzkq46oOpz7dQaTDBdfICb4N14+GARUDw2XV2N4tvzg==}
    engines: {node: '>=10.0.0'}
    peerDependencies:
      bufferutil: ^4.0.1
      utf-8-validate: '>=5.0.2'
    peerDependenciesMeta:
      bufferutil:
        optional: true
      utf-8-validate:
        optional: true

snapshots:

  '@mark1russell7/client@https://codeload.github.com/mark1russell7/client/tar.gz/9e6c01c3b803f5f9bf3fb584aeade1f3ce02ceb4':
    dependencies:
      ws: 8.18.3
    transitivePeerDependencies:
      - bufferutil
      - utf-8-validate

  '@mark1russell7/cue@https://codeload.github.com/mark1russell7/cue/tar.gz/61c8ea18d0663b752f50caec236926d57646405f': {}

  '@mark1russell7/splay@https://codeload.github.com/mark1russell7/splay/tar.gz/e65f01388a75b7d974d8fddf4441da9bf51c46b4': {}

  typescript@5.9.3: {}

  ws@8.18.3: {}
